
Microsoft Visual Studio Solution File, Format Version 12.00
# Visual Studio Version 16
VisualStudioVersion = 16.0.29509.3
MinimumVisualStudioVersion = 10.0.40219.1
Project("{FAE04EC0-301F-11D3-BF4B-00C04F79EFBC}") = "FloatDeterminismTest", "FloatDeterminismTest.csproj", "{ED1D4323-A25D-487E-9746-34EFBDF29662}"
EndProject
Project("{FAE04EC0-301F-11D3-BF4B-00C04F79EFBC}") = "FloatDeterminismTestMain", "..\FloatDeterminismTestMain\FloatDeterminismTestMain.csproj", "{9061F038-628E-4FC2-BE0F-35A69029AE65}"
EndProject
Project("{FAE04EC0-301F-11D3-BF4B-00C04F79EFBC}") = "FloatDeterminismTestMain32bit", "..\FloatDeterminismTestMain32bit\FloatDeterminismTestMain32bit.csproj", "{8E7D9749-D0DF-418B-AAD3-4A22AC7732F0}"
EndProject
Global
	GlobalSection(SolutionConfigurationPlatforms) = preSolution
		Debug|Any CPU = Debug|Any CPU
		Release|Any CPU = Release|Any CPU
	EndGlobalSection
	GlobalSection(ProjectConfigurationPlatforms) = postSolution
		{ED1D4323-A25D-487E-9746-34EFBDF29662}.Debug|Any CPU.ActiveCfg = Debug|Any CPU
		{ED1D4323-A25D-487E-9746-34EFBDF29662}.Debug|Any CPU.Build.0 = Debug|Any CPU
		{ED1D4323-A25D-487E-9746-34EFBDF29662}.Release|Any CPU.ActiveCfg = Release|Any CPU
		{ED1D4323-A25D-487E-9746-34EFBDF29662}.Release|Any CPU.Build.0 = Release|Any CPU
		{9061F038-628E-4FC2-BE0F-35A69029AE65}.Debug|Any CPU.ActiveCfg = Debug|Any CPU
		{9061F038-628E-4FC2-BE0F-35A69029AE65}.Debug|Any CPU.Build.0 = Debug|Any CPU
		{9061F038-628E-4FC2-BE0F-35A69029AE65}.Release|Any CPU.ActiveCfg = Release|Any CPU
		{9061F038-628E-4FC2-BE0F-35A69029AE65}.Release|Any CPU.Build.0 = Release|Any CPU
		{8E7D9749-D0DF-418B-AAD3-4A22AC7732F0}.Debug|Any CPU.ActiveCfg = Debug|Any CPU
		{8E7D9749-D0DF-418B-AAD3-4A22AC7732F0}.Debug|Any CPU.Build.0 = Debug|Any CPU
		{8E7D9749-D0DF-418B-AAD3-4A22AC7732F0}.Release|Any CPU.ActiveCfg = Release|Any CPU
		{8E7D9749-D0DF-418B-AAD3-4A22AC7732F0}.Release|Any CPU.Build.0 = Release|Any CPU
	EndGlobalSection
	GlobalSection(SolutionProperties) = preSolution
		HideSolutionNode = FALSE
	EndGlobalSection
	GlobalSection(ExtensibilityGlobals) = postSolution
		SolutionGuid = {6ACAE3AC-14D1-4C1B-AF40-D55FCFBBA8D1}
	EndGlobalSection
EndGlobal
